{
	"name": "core",
	"version": "1.0.0",
	"lockfileVersion": 3,
	"requires": true,
	"packages": {
		"": {
			"name": "core",
			"version": "1.0.0",
			"license": "ISC",
			"devDependencies": {
				"@zip.js/zip.js": "^2.7.62",
				"rolldown": "1.0.0-beta.23",
				"socket.io-client": "^4.8.1"
			}
		},
		"node_modules/@emnapi/core": {
			"version": "1.7.1",
			"resolved": "https://registry.npmjs.org/@emnapi/core/-/core-1.7.1.tgz",
			"integrity": "sha512-o1uhUASyo921r2XtHYOHy7gdkGLge8ghBEQHMWmyJFoXlpU58kIrhhN3w26lpQb6dspetweapMn2CSNwQ8I4wg==",
			"dev": true,
			"license": "MIT",
			"optional": true,
			"dependencies": {
				"@emnapi/wasi-threads": "1.1.0",
				"tslib": "^2.4.0"
			}
		},
		"node_modules/@emnapi/runtime": {
			"version": "1.7.1",
			"resolved": "https://registry.npmjs.org/@emnapi/runtime/-/runtime-1.7.1.tgz",
			"integrity": "sha512-PVtJr5CmLwYAU9PZDMITZoR5iAOShYREoR45EyyLrbntV50mdePTgUn4AmOw90Ifcj+x2kRjdzr1HP3RrNiHGA==",
			"dev": true,
			"license": "MIT",
			"optional": true,
			"dependencies": {
				"tslib": "^2.4.0"
			}
		},
		"node_modules/@emnapi/wasi-threads": {
			"version": "1.1.0",
			"resolved": "https://registry.npmjs.org/@emnapi/wasi-threads/-/wasi-threads-1.1.0.tgz",
			"integrity": "sha512-WI0DdZ8xFSbgMjR1sFsKABJ/C5OnRrjT06JXbZKexJGrDuPTzZdDYfFlsgcCXCyf+suG5QU2e/y1Wo2V/OapLQ==",
			"dev": true,
			"license": "MIT",
			"optional": true,
			"dependencies": {
				"tslib": "^2.4.0"
			}
		},
		"node_modules/@napi-rs/wasm-runtime": {
			"version": "0.2.12",
			"resolved": "https://registry.npmjs.org/@napi-rs/wasm-runtime/-/wasm-runtime-0.2.12.tgz",
			"integrity": "sha512-ZVWUcfwY4E/yPitQJl481FjFo3K22D6qF0DuFH6Y/nbnE11GY5uguDxZMGXPQ8WQ0128MXQD7TnfHyK4oWoIJQ==",
			"dev": true,
			"license": "MIT",
			"optional": true,
			"dependencies": {
				"@emnapi/core": "^1.4.3",
				"@emnapi/runtime": "^1.4.3",
				"@tybys/wasm-util": "^0.10.0"
			}
		},
		"node_modules/@oxc-project/runtime": {
			"version": "0.75.0",
			"resolved": "https://registry.npmjs.org/@oxc-project/runtime/-/runtime-0.75.0.tgz",
			"integrity": "sha512-gzRmVI/vorsPmbDXt7GD4Uh2lD3rCOku/1xWPB4Yx48k0EP4TZmzQudWapjN4+7Vv+rgXr0RqCHQadeaMvdBuw==",
			"dev": true,
			"license": "MIT",
			"engines": {
				"node": ">=6.9.0"
			}
		},
		"node_modules/@oxc-project/types": {
			"version": "0.75.0",
			"resolved": "https://registry.npmjs.org/@oxc-project/types/-/types-0.75.0.tgz",
			"integrity": "sha512-QMW+06WOXs7+F301Y3X0VpmWhwuQVc/X/RP2zF9OIwvSMmsif3xURS2wxbakFIABYsytgBcHpUcFepVS0Qnd3A==",
			"dev": true,
			"license": "MIT",
			"funding": {
				"url": "https://github.com/sponsors/Boshen"
			}
		},
		"node_modules/@rolldown/binding-darwin-arm64": {
			"version": "1.0.0-beta.23",
			"resolved": "https://registry.npmjs.org/@rolldown/binding-darwin-arm64/-/binding-darwin-arm64-1.0.0-beta.23.tgz",
			"integrity": "sha512-rppgXFU4+dNDPQvPsfovUuYfDgMoATDomKGjIRR5bIU98BYkQF1fm+87trApilfWSosLQP9JsXOoUJO/EMrspQ==",
			"cpu": [
				"arm64"
			],
			"dev": true,
			"license": "MIT",
			"optional": true,
			"os": [
				"darwin"
			]
		},
		"node_modules/@rolldown/binding-darwin-x64": {
			"version": "1.0.0-beta.23",
			"resolved": "https://registry.npmjs.org/@rolldown/binding-darwin-x64/-/binding-darwin-x64-1.0.0-beta.23.tgz",
			"integrity": "sha512-aFo1v7GKysuwSAfsyNcBb9mj3M+wxMCu3N+DcTD5eAaz3mFex6l+2b/vLGaTWNrCMoWhRxV8rTaI1eFoMVdSuQ==",
			"cpu": [
				"x64"
			],
			"dev": true,
			"license": "MIT",
			"optional": true,
			"os": [
				"darwin"
			]
		},
		"node_modules/@rolldown/binding-freebsd-x64": {
			"version": "1.0.0-beta.23",
			"resolved": "https://registry.npmjs.org/@rolldown/binding-freebsd-x64/-/binding-freebsd-x64-1.0.0-beta.23.tgz",
			"integrity": "sha512-/NzbXIFIR5KR+fZ351K1qONekakXpiPhUX55ydP6ok8iKdG7bTbgs6dlMg7Ow0E2DKlQoTbZbPTUY3kTzmNrsQ==",
			"cpu": [
				"x64"
			],
			"dev": true,
			"license": "MIT",
			"optional": true,
			"os": [
				"freebsd"
			]
		},
		"node_modules/@rolldown/binding-linux-arm-gnueabihf": {
			"version": "1.0.0-beta.23",
			"resolved": "https://registry.npmjs.org/@rolldown/binding-linux-arm-gnueabihf/-/binding-linux-arm-gnueabihf-1.0.0-beta.23.tgz",
			"integrity": "sha512-vPnCHxjyR4ZVj9x6sLJMCAdBY99RPe6Mnwxb5BSaE6ccHzvy015xtsIEG7H9E9pVj3yfI/om77jrP+YA5IqL3w==",
			"cpu": [
				"arm"
			],
			"dev": true,
			"license": "MIT",
			"optional": true,
			"os": [
				"linux"
			]
		},
		"node_modules/@rolldown/binding-linux-arm64-gnu": {
			"version": "1.0.0-beta.23",
			"resolved": "https://registry.npmjs.org/@rolldown/binding-linux-arm64-gnu/-/binding-linux-arm64-gnu-1.0.0-beta.23.tgz",
			"integrity": "sha512-PFBBnj9JqLOL8gjZtoVGfOXe0PSpnPUXE+JuMcWz568K/p4Zzk7lDDHl7guD95wVtV89TmfaRwK2PWd9vKxHtg==",
			"cpu": [
				"arm64"
			],
			"dev": true,
			"license": "MIT",
			"optional": true,
			"os": [
				"linux"
			]
		},
		"node_modules/@rolldown/binding-linux-arm64-musl": {
			"version": "1.0.0-beta.23",
			"resolved": "https://registry.npmjs.org/@rolldown/binding-linux-arm64-musl/-/binding-linux-arm64-musl-1.0.0-beta.23.tgz",
			"integrity": "sha512-KyQRLofVP78yUCXT90YmEzxK6I9VCBeOTSyOrs40Qx0Q0XwaGVwxo7sKj2SmnqxribdcouBA3CfNZC4ZNcyEnQ==",
			"cpu": [
				"arm64"
			],
			"dev": true,
			"license": "MIT",
			"optional": true,
			"os": [
				"linux"
			]
		},
		"node_modules/@rolldown/binding-linux-x64-gnu": {
			"version": "1.0.0-beta.23",
			"resolved": "https://registry.npmjs.org/@rolldown/binding-linux-x64-gnu/-/binding-linux-x64-gnu-1.0.0-beta.23.tgz",
			"integrity": "sha512-EubfEsJyjQbKK9j3Ez1hhbIOsttABb07Z7PhMRcVYW0wrVr8SfKLew9pULIMfcSNnoz8QqzoI4lOSmezJ9bYWw==",
			"cpu": [
				"x64"
			],
			"dev": true,
			"license": "MIT",
			"optional": true,
			"os": [
				"linux"
			]
		},
		"node_modules/@rolldown/binding-linux-x64-musl": {
			"version": "1.0.0-beta.23",
			"resolved": "https://registry.npmjs.org/@rolldown/binding-linux-x64-musl/-/binding-linux-x64-musl-1.0.0-beta.23.tgz",
			"integrity": "sha512-MUAthvl3I/+hySltZuj5ClKiq8fAMqExeBnxadLFShwWCbdHKFd+aRjBxxzarPcnqbDlTaOCUaAaYmQTOTOHSg==",
			"cpu": [
				"x64"
			],
			"dev": true,
			"license": "MIT",
			"optional": true,
			"os": [
				"linux"
			]
		},
		"node_modules/@rolldown/binding-wasm32-wasi": {
			"version": "1.0.0-beta.23",
			"resolved": "https://registry.npmjs.org/@rolldown/binding-wasm32-wasi/-/binding-wasm32-wasi-1.0.0-beta.23.tgz",
			"integrity": "sha512-YI7QMQU01QFVNTEaQt3ysrq+wGBwLdFVFEGO64CoZ3gTsr/HulU8gvgR+67coQOlQC9iO/Hm1bvkBtceLxKrnA==",
			"cpu": [
				"wasm32"
			],
			"dev": true,
			"license": "MIT",
			"optional": true,
			"dependencies": {
				"@napi-rs/wasm-runtime": "^0.2.10"
			},
			"engines": {
				"node": ">=14.21.3"
			}
		},
		"node_modules/@rolldown/binding-win32-arm64-msvc": {
			"version": "1.0.0-beta.23",
			"resolved": "https://registry.npmjs.org/@rolldown/binding-win32-arm64-msvc/-/binding-win32-arm64-msvc-1.0.0-beta.23.tgz",
			"integrity": "sha512-JdHx6Hli53etB/QsZL1tjpf4qa87kNcwPdx4iVicP/kL7po6k5bHoS5/l/nRRccwPh7BlPlB2uoEuTwJygJosQ==",
			"cpu": [
				"arm64"
			],
			"dev": true,
			"license": "MIT",
			"optional": true,
			"os": [
				"win32"
			]
		},
		"node_modules/@rolldown/binding-win32-ia32-msvc": {
			"version": "1.0.0-beta.23",
			"resolved": "https://registry.npmjs.org/@rolldown/binding-win32-ia32-msvc/-/binding-win32-ia32-msvc-1.0.0-beta.23.tgz",
			"integrity": "sha512-rMZ0QBmcDND97+5unXxquKvSudV8tz6S7tBY3gOYlqMFEDIRX0BAgxaqQBQbq34ZxB9bXwGdjuau3LZHGreB6g==",
			"cpu": [
				"ia32"
			],
			"dev": true,
			"license": "MIT",
			"optional": true,
			"os": [
				"win32"
			]
		},
		"node_modules/@rolldown/binding-win32-x64-msvc": {
			"version": "1.0.0-beta.23",
			"resolved": "https://registry.npmjs.org/@rolldown/binding-win32-x64-msvc/-/binding-win32-x64-msvc-1.0.0-beta.23.tgz",
			"integrity": "sha512-0PqE7vGIpA+XT+qxAYJQKTrB5zz8vJiuCOInfY/ks/QOs6ZZ9Os8bdNkcpCy4rYo+GMZn0Q8CwyPu4uexWB1aA==",
			"cpu": [
				"x64"
			],
			"dev": true,
			"license": "MIT",
			"optional": true,
			"os": [
				"win32"
			]
		},
		"node_modules/@rolldown/pluginutils": {
			"version": "1.0.0-beta.23",
			"resolved": "https://registry.npmjs.org/@rolldown/pluginutils/-/pluginutils-1.0.0-beta.23.tgz",
			"integrity": "sha512-lLCP4LUecUGBLq8EfkbY2esGYyvZj5ee+WZG12+mVnQH48b46SVbwp+0vJkD+6Pnsc+u9SWarBV9sQ5mVwmb5g==",
			"dev": true,
			"license": "MIT"
		},
		"node_modules/@socket.io/component-emitter": {
			"version": "3.1.2",
			"resolved": "https://registry.npmjs.org/@socket.io/component-emitter/-/component-emitter-3.1.2.tgz",
			"integrity": "sha512-9BCxFwvbGg/RsZK9tjXd8s4UcwR0MWeFQ1XEKIQVVvAGJyINdrqKMcTRyLoK8Rse1GjzLV9cwjWV1olXRWEXVA==",
			"dev": true,
			"license": "MIT"
		},
		"node_modules/@tybys/wasm-util": {
			"version": "0.10.1",
			"resolved": "https://registry.npmjs.org/@tybys/wasm-util/-/wasm-util-0.10.1.tgz",
			"integrity": "sha512-9tTaPJLSiejZKx+Bmog4uSubteqTvFrVrURwkmHixBo0G4seD0zUxp98E1DzUBJxLQ3NPwXrGKDiVjwx/DpPsg==",
			"dev": true,
			"license": "MIT",
			"optional": true,
			"dependencies": {
				"tslib": "^2.4.0"
			}
		},
		"node_modules/@zip.js/zip.js": {
			"version": "2.8.11",
			"resolved": "https://registry.npmjs.org/@zip.js/zip.js/-/zip.js-2.8.11.tgz",
			"integrity": "sha512-0fztsk/0ryJ+2PPr9EyXS5/Co7OK8q3zY/xOoozEWaUsL5x+C0cyZ4YyMuUffOO2Dx/rAdq4JMPqW0VUtm+vzA==",
			"dev": true,
			"license": "BSD-3-Clause",
			"engines": {
				"bun": ">=0.7.0",
				"deno": ">=1.0.0",
				"node": ">=18.0.0"
			}
		},
		"node_modules/ansis": {
			"version": "4.2.0",
			"resolved": "https://registry.npmjs.org/ansis/-/ansis-4.2.0.tgz",
			"integrity": "sha512-HqZ5rWlFjGiV0tDm3UxxgNRqsOTniqoKZu0pIAfh7TZQMGuZK+hH0drySty0si0QXj1ieop4+SkSfPZBPPkHig==",
			"dev": true,
			"license": "ISC",
			"engines": {
				"node": ">=14"
			}
		},
		"node_modules/debug": {
			"version": "4.3.7",
			"resolved": "https://registry.npmjs.org/debug/-/debug-4.3.7.tgz",
			"integrity": "sha512-Er2nc/H7RrMXZBFCEim6TCmMk02Z8vLC2Rbi1KEBggpo0fS6l0S1nnapwmIi3yW/+GOJap1Krg4w0Hg80oCqgQ==",
			"dev": true,
			"license": "MIT",
			"dependencies": {
				"ms": "^2.1.3"
			},
			"engines": {
				"node": ">=6.0"
			},
			"peerDependenciesMeta": {
				"supports-color": {
					"optional": true
				}
			}
		},
		"node_modules/engine.io-client": {
			"version": "6.6.3",
			"resolved": "https://registry.npmjs.org/engine.io-client/-/engine.io-client-6.6.3.tgz",
			"integrity": "sha512-T0iLjnyNWahNyv/lcjS2y4oE358tVS/SYQNxYXGAJ9/GLgH4VCvOQ/mhTjqU88mLZCQgiG8RIegFHYCdVC+j5w==",
			"dev": true,
			"license": "MIT",
			"dependencies": {
				"@socket.io/component-emitter": "~3.1.0",
				"debug": "~4.3.1",
				"engine.io-parser": "~5.2.1",
				"ws": "~8.17.1",
				"xmlhttprequest-ssl": "~2.1.1"
			}
		},
		"node_modules/engine.io-parser": {
			"version": "5.2.3",
			"resolved": "https://registry.npmjs.org/engine.io-parser/-/engine.io-parser-5.2.3.tgz",
			"integrity": "sha512-HqD3yTBfnBxIrbnM1DoD6Pcq8NECnh8d4As1Qgh0z5Gg3jRRIqijury0CL3ghu/edArpUYiYqQiDUQBIs4np3Q==",
			"dev": true,
			"license": "MIT",
			"engines": {
				"node": ">=10.0.0"
			}
		},
		"node_modules/ms": {
			"version": "2.1.3",
			"resolved": "https://registry.npmjs.org/ms/-/ms-2.1.3.tgz",
			"integrity": "sha512-6FlzubTLZG3J2a/NVCAleEhjzq5oxgHyaCU9yYXvcLsvoVaHJq/s5xXI6/XXP6tz7R9xAOtHnSO/tXtF3WRTlA==",
			"dev": true,
			"license": "MIT"
		},
		"node_modules/rolldown": {
			"version": "1.0.0-beta.23",
			"resolved": "https://registry.npmjs.org/rolldown/-/rolldown-1.0.0-beta.23.tgz",
			"integrity": "sha512-+/TR2YSZxLTtDAfG9LHlYqsHO6jtvr9qxaRD77E+PCAQi5X47bJkgiZsjDmE1jGR19NfYegWToOvSe6E+8NfwA==",
			"dev": true,
			"license": "MIT",
			"dependencies": {
				"@oxc-project/runtime": "=0.75.0",
				"@oxc-project/types": "=0.75.0",
				"@rolldown/pluginutils": "1.0.0-beta.23",
				"ansis": "^4.0.0"
			},
			"bin": {
				"rolldown": "bin/cli.mjs"
			},
			"optionalDependencies": {
				"@rolldown/binding-darwin-arm64": "1.0.0-beta.23",
				"@rolldown/binding-darwin-x64": "1.0.0-beta.23",
				"@rolldown/binding-freebsd-x64": "1.0.0-beta.23",
				"@rolldown/binding-linux-arm-gnueabihf": "1.0.0-beta.23",
				"@rolldown/binding-linux-arm64-gnu": "1.0.0-beta.23",
				"@rolldown/binding-linux-arm64-musl": "1.0.0-beta.23",
				"@rolldown/binding-linux-x64-gnu": "1.0.0-beta.23",
				"@rolldown/binding-linux-x64-musl": "1.0.0-beta.23",
				"@rolldown/binding-wasm32-wasi": "1.0.0-beta.23",
				"@rolldown/binding-win32-arm64-msvc": "1.0.0-beta.23",
				"@rolldown/binding-win32-ia32-msvc": "1.0.0-beta.23",
				"@rolldown/binding-win32-x64-msvc": "1.0.0-beta.23"
			}
		},
		"node_modules/socket.io-client": {
			"version": "4.8.1",
			"resolved": "https://registry.npmjs.org/socket.io-client/-/socket.io-client-4.8.1.tgz",
			"integrity": "sha512-hJVXfu3E28NmzGk8o1sHhN3om52tRvwYeidbj7xKy2eIIse5IoKX3USlS6Tqt3BHAtflLIkCQBkzVrEEfWUyYQ==",
			"dev": true,
			"license": "MIT",
			"dependencies": {
				"@socket.io/component-emitter": "~3.1.0",
				"debug": "~4.3.2",
				"engine.io-client": "~6.6.1",
				"socket.io-parser": "~4.2.4"
			},
			"engines": {
				"node": ">=10.0.0"
			}
		},
		"node_modules/socket.io-parser": {
			"version": "4.2.4",
			"resolved": "https://registry.npmjs.org/socket.io-parser/-/socket.io-parser-4.2.4.tgz",
			"integrity": "sha512-/GbIKmo8ioc+NIWIhwdecY0ge+qVBSMdgxGygevmdHj24bsfgtCmcUUcQ5ZzcylGFHsN3k4HB4Cgkl96KVnuew==",
			"dev": true,
			"license": "MIT",
			"dependencies": {
				"@socket.io/component-emitter": "~3.1.0",
				"debug": "~4.3.1"
			},
			"engines": {
				"node": ">=10.0.0"
			}
		},
		"node_modules/tslib": {
			"version": "2.8.1",
			"resolved": "https://registry.npmjs.org/tslib/-/tslib-2.8.1.tgz",
			"integrity": "sha512-oJFu94HQb+KVduSUQL7wnpmqnfmLsOA/nAh6b6EH0wCEoK0/mPeXU6c3wKDV83MkOuHPRHtSXKKU99IBazS/2w==",
			"dev": true,
			"license": "0BSD",
			"optional": true
		},
		"node_modules/ws": {
			"version": "8.17.1",
			"resolved": "https://registry.npmjs.org/ws/-/ws-8.17.1.tgz",
			"integrity": "sha512-6XQFvXTkbfUOZOKKILFG1PDK2NDQs4azKQl26T0YS5CxqWLgXajbPZ+h4gZekJyRqFU8pvnbAbbs/3TgRPy+GQ==",
			"dev": true,
			"license": "MIT",
			"engines": {
				"node": ">=10.0.0"
			},
			"peerDependencies": {
				"bufferutil": "^4.0.1",
				"utf-8-validate": ">=5.0.2"
			},
			"peerDependenciesMeta": {
				"bufferutil": {
					"optional": true
				},
				"utf-8-validate": {
					"optional": true
				}
			}
		},
		"node_modules/xmlhttprequest-ssl": {
			"version": "2.1.2",
			"resolved": "https://registry.npmjs.org/xmlhttprequest-ssl/-/xmlhttprequest-ssl-2.1.2.tgz",
			"integrity": "sha512-TEU+nJVUUnA4CYJFLvK5X9AOeH4KvDvhIfm0vV1GaQRtchnG0hgK5p8hw/xjv8cunWYCsiPCSDzObPyhEwq3KQ==",
			"dev": true,
			"engines": {
				"node": ">=0.4.0"
			}
		}
	}
}
